
Microsoft Visual Studio Solution File, Format Version 12.00
# Visual Studio Version 17
VisualStudioVersion = 17.7.34221.43
MinimumVisualStudioVersion = 10.0.40219.1
Project("{9A19103F-16F7-4668-BE54-9A1E7A4F7556}") = "WinFormsApp1", "WinFormsApp1\WinFormsApp1.csproj", "{EDBE50C1-B29B-481A-BD4F-D8CE94902310}"
EndProject
Project("{9A19103F-16F7-4668-BE54-9A1E7A4F7556}") = "WinFormsApp2", "WinFormsApp2\WinFormsApp2.csproj", "{04A70629-6080-4A63-B553-819642CD87F6}"
EndProject
Global
	GlobalSection(SolutionConfigurationPlatforms) = preSolution
		Debug|Any CPU = Debug|Any CPU
		Release|Any CPU = Release|Any CPU
	EndGlobalSection
	GlobalSection(ProjectConfigurationPlatforms) = postSolution
		{EDBE50C1-B29B-481A-BD4F-D8CE94902310}.Debug|Any CPU.ActiveCfg = Debug|Any CPU
		{EDBE50C1-B29B-481A-BD4F-D8CE94902310}.Debug|Any CPU.Build.0 = Debug|Any CPU
		{EDBE50C1-B29B-481A-BD4F-D8CE94902310}.Release|Any CPU.ActiveCfg = Release|Any CPU
		{EDBE50C1-B29B-481A-BD4F-D8CE94902310}.Release|Any CPU.Build.0 = Release|Any CPU
		{04A70629-6080-4A63-B553-819642CD87F6}.Debug|Any CPU.ActiveCfg = Debug|Any CPU
		{04A70629-6080-4A63-B553-819642CD87F6}.Debug|Any CPU.Build.0 = Debug|Any CPU
		{04A70629-6080-4A63-B553-819642CD87F6}.Release|Any CPU.ActiveCfg = Release|Any CPU
		{04A70629-6080-4A63-B553-819642CD87F6}.Release|Any CPU.Build.0 = Release|Any CPU
	EndGlobalSection
	GlobalSection(SolutionProperties) = preSolution
		HideSolutionNode = FALSE
	EndGlobalSection
	GlobalSection(ExtensibilityGlobals) = postSolution
		SolutionGuid = {9C1B84D9-59A8-42EC-8113-CE34C1A22B9F}
	EndGlobalSection
EndGlobal
